// !$*UTF8*$!
{
	archiveVersion = 1;
	classes = {
	};
	objectVersion = 46;
	objects = {

/* Begin PBXBuildFile section */
		43DDEA701E1325E0003107B2 /* main.cpp in Sources */ = {isa = PBXBuildFile; fileRef = 43DDEA6F1E1325E0003107B2 /* main.cpp */; };
/* End PBXBuildFile section */

/* Begin PBXCopyFilesBuildPhase section */
		43DDEA6A1E1325E0003107B2 /* CopyFiles */ = {
			isa = PBXCopyFilesBuildPhase;
			buildActionMask = 2147483647;
			dstPath = /usr/share/man/man1/;
			dstSubfolderSpec = 0;
			files = (
			);
			runOnlyForDeploymentPostprocessing = 1;
		};
/* End PBXCopyFilesBuildPhase section */

/* Begin PBXFileReference section */
		43DDEA6C1E1325E0003107B2 /* Sushi Go Score */ = {isa = PBXFileReference; explicitFileType = "compiled.mach-o.executable"; includeInIndex = 0; path = "Sushi Go Score"; sourceTree = BUILT_PRODUCTS_DIR; };
		43DDEA6F1E1325E0003107B2 /* main.cpp */ = {isa = PBXFileReference; lastKnownFileType = sourcecode.cpp.cpp; path = main.cpp; sourceTree = "<group>"; };
/* End PBXFileReference section */

/* Begin PBXFrameworksBuildPhase section */
		43DDEA691E1325E0003107B2 /* Frameworks */ = {
			isa = PBXFrameworksBuildPhase;
			buildActionMask = 2147483647;
			files = (
			);
			runOnlyForDeploymentPostprocessing = 0;
		};
/* End PBXFrameworksBuildPhase section */

/* Begin PBXGroup section */
		43DDEA631E1325E0003107B2 = {
			isa = PBXGroup;
			children = (
				43DDEA6E1E1325E0003107B2 /* Sushi Go Score */,
				43DDEA6D1E1325E0003107B2 /* Products */,
			);
			sourceTree = "<group>";
		};
		43DDEA6D1E1325E0003107B2 /* Products */ = {
			isa = PBXGroup;
			children = (
				43DDEA6C1E1325E0003107B2 /* Sushi Go Score */,
			);
			name = Products;
			sourceTree = "<group>";
		};
		43DDEA6E1E1325E0003107B2 /* Sushi Go Score */ = {
			isa = PBXGroup;
			children = (
				43DDEA6F1E1325E0003107B2 /* main.cpp */,
			);
			path = "Sushi Go Score";
			sourceTree = "<group>";
		};
/* End PBXGroup section */

/* Begin PBXNativeTarget section */
		43DDEA6B1E1325E0003107B2 /* Sushi Go Score */ = {
			isa = PBXNativeTarget;
			buildConfigurationList = 43DDEA731E1325E0003107B2 /* Build configuration list for PBXNativeTarget "Sushi Go Score" */;
			buildPhases = (
				43DDEA681E1325E0003107B2 /* Sources */,
				43DDEA691E1325E0003107B2 /* Frameworks */,
				43DDEA6A1E1325E0003107B2 /* CopyFiles */,
			);
			buildRules = (
			);
			dependencies = (
			);
			name = "Sushi Go Score";
			productName = "Sushi Go Score";
			productReference = 43DDEA6C1E1325E0003107B2 /* Sushi Go Score */;
			productType = "com.apple.product-type.tool";
		};
/* End PBXNativeTarget section */

/* Begin PBXProject section */
		43DDEA641E1325E0003107B2 /* Project object */ = {
			isa = PBXProject;
			attributes = {
				LastUpgradeCheck = 0800;
				ORGANIZATIONNAME = "Nathan Straughan";
				TargetAttributes = {
					43DDEA6B1E1325E0003107B2 = {
						CreatedOnToolsVersion = 8.0;
						DevelopmentTeam = ULPQ69U3C6;
						ProvisioningStyle = Automatic;
					};
				};
			};
			buildConfigurationList = 43DDEA671E1325E0003107B2 /* Build configuration list for PBXProject "Sushi Go Score" */;
			compatibilityVersion = "Xcode 3.2";
			developmentRegion = English;
			hasScannedForEncodings = 0;
			knownRegions = (
				en,
			);
			mainGroup = 43DDEA631E1325E0003107B2;
			productRefGroup = 43DDEA6D1E1325E0003107B2 /* Products */;
			projectDirPath = "";
			projectRoot = "";
			targets = (
				43DDEA6B1E1325E0003107B2 /* Sushi Go Score */,
			);
		};
/* End PBXProject section */

/* Begin PBXSourcesBuildPhase section */
		43DDEA681E1325E0003107B2 /* Sources */ = {
			isa = PBXSourcesBuildPhase;
			buildActionMask = 2147483647;
			files = (
				43DDEA701E1325E0003107B2 /* main.cpp in Sources */,
			);
			runOnlyForDeploymentPostprocessing = 0;
		};
/* End PBXSourcesBuildPhase section */

/* Begin XCBuildConfiguration section */
		43DDEA711E1325E0003107B2 /* Debug */ = {
			isa = XCBuildConfiguration;
			buildSettings = {
				ALWAYS_SEARCH_USER_PATHS = NO;
				CLANG_ANALYZER_NONNULL = YES;
				CLANG_CXX_LANGUAGE_STANDARD = "gnu++0x";
				CLANG_CXX_LIBRARY = "libc++";
				CLANG_ENABLE_MODULES = YES;
				CLANG_ENABLE_OBJC_ARC = YES;
				CLANG_WARN_BOOL_CONVERSION = YES;
				CLANG_WARN_CONSTANT_CONVERSION = YES;
				CLANG_WARN_DIRECT_OBJC_ISA_USAGE = YES_ERROR;
				CLANG_WARN_DOCUMENTATION_COMMENTS = YES;
				CLANG_WARN_EMPTY_BODY = YES;
				CLANG_WARN_ENUM_CONVERSION = YES;
				CLANG_WARN_INFINITE_RECURSION = YES;
				CLANG_WARN_INT_CONVERSION = YES;
				CLANG_WARN_OBJC_ROOT_CLASS = YES_ERROR;
				CLANG_WARN_SUSPICIOUS_MOVES = YES;
				CLANG_WARN_UNREACHABLE_CODE = YES;
				CLANG_WARN__DUPLICATE_METHOD_MATCH = YES;
				CODE_SIGN_IDENTITY = "-";
				COPY_PHASE_STRIP = NO;
				DEBUG_INFORMATION_FORMAT = dwarf;
				ENABLE_STRICT_OBJC_MSGSEND = YES;
				ENABLE_TESTABILITY = YES;
				GCC_C_LANGUAGE_STANDARD = gnu99;
				GCC_DYNAMIC_NO_PIC = NO;
				GCC_NO_COMMON_BLOCKS = YES;
				GCC_OPTIMIZATION_LEVEL = 0;
				GCC_PREPROCESSOR_DEFINITIONS = (
					"DEBUG=1",
					"$(inherited)",
				);
				GCC_WARN_64_TO_32_BIT_CONVERSION = YES;
				GCC_WARN_ABOUT_RETURN_TYPE = YES_ERROR;
				GCC_WARN_UNDECLARED_SELECTOR = YES;
				GCC_WARN_UNINITIALIZED_AUTOS = YES_AGGRESSIVE;
				GCC_WARN_UNUSED_FUNCTION = YES;
				GCC_WARN_UNUSED_VARIABLE = YES;
				MACOSX_DEPLOYMENT_TARGET = 10.11;
				MTL_ENABLE_DEBUG_INFO = YES;
				ONLY_ACTIVE_ARCH = YES;
				SDKROOT = macosx;
			};
			name = Debug;
		};
		43DDEA721E1325E0003107B2 /* Release */ = {
			isa = XCBuildConfiguration;
			buildSettings = {
				ALWAYS_SEARCH_USER_PATHS = NO;
				CLANG_ANALYZER_NONNULL = YES;
				CLANG_CXX_LANGUAGE_STANDARD = "gnu++0x";
				CLANG_CXX_LIBRARY = "libc++";
				CLANG_ENABLE_MODULES = YES;
				CLANG_ENABLE_OBJC_ARC = YES;
				CLANG_WARN_BOOL_CONVERSION = YES;
				CLANG_WARN_CONSTANT_CONVERSION = YES;
				CLANG_WARN_DIRECT_OBJC_ISA_USAGE = YES_ERROR;
				CLANG_WARN_DOCUMENTATION_COMMENTS = YES;
				CLANG_WARN_EMPTY_BODY = YES;
				CLANG_WARN_ENUM_CONVERSION = YES;
				CLANG_WARN_INFINITE_RECURSION = YES;
				CLANG_WARN_INT_CONVERSION = YES;
				CLANG_WARN_OBJC_ROOT_CLASS = YES_ERROR;
				CLANG_WARN_SUSPICIOUS_MOVES = YES;
				CLANG_WARN_UNREACHABLE_CODE = YES;
				CLANG_WARN__DUPLICATE_METHOD_MATCH = YES;
				CODE_SIGN_IDENTITY = "-";
				COPY_PHASE_STRIP = NO;
				DEBUG_INFORMATION_FORMAT = "dwarf-with-dsym";
				ENABLE_NS_ASSERTIONS = NO;
				ENABLE_STRICT_OBJC_MSGSEND = YES;
				GCC_C_LANGUAGE_STANDARD = gnu99;
				GCC_NO_COMMON_BLOCKS = YES;
				GCC_WARN_64_TO_32_BIT_CONVERSION = YES;
				GCC_WARN_ABOUT_RETURN_TYPE = YES_ERROR;
				GCC_WARN_UNDECLARED_SELECTOR = YES;
				GCC_WARN_UNINITIALIZED_AUTOS = YES_AGGRESSIVE;
				GCC_WARN_UNUSED_FUNCTION = YES;
				GCC_WARN_UNUSED_VARIABLE = YES;
				MACOSX_DEPLOYMENT_TARGET = 10.11;
				MTL_ENABLE_DEBUG_INFO = NO;
				SDKROOT = macosx;
			};
			name = Release;
		};
		43DDEA741E1325E0003107B2 /* Debug */ = {
			isa = XCBuildConfiguration;
			buildSettings = {
				DEVELOPMENT_TEAM = ULPQ69U3C6;
				PRODUCT_NAME = "$(TARGET_NAME)";
			};
			name = Debug;
		};
		43DDEA751E1325E0003107B2 /* Release */ = {
			isa = XCBuildConfiguration;
			buildSettings = {
				DEVELOPMENT_TEAM = ULPQ69U3C6;
				PRODUCT_NAME = "$(TARGET_NAME)";
			};
			name = Release;
		};
/* End XCBuildConfiguration section */

/* Begin XCConfigurationList section */
		43DDEA671E1325E0003107B2 /* Build configuration list for PBXProject "Sushi Go Score" */ = {
			isa = XCConfigurationList;
			buildConfigurations = (
				43DDEA711E1325E0003107B2 /* Debug */,
				43DDEA721E1325E0003107B2 /* Release */,
			);
			defaultConfigurationIsVisible = 0;
			defaultConfigurationName = Release;
		};
		43DDEA731E1325E0003107B2 /* Build configuration list for PBXNativeTarget "Sushi Go Score" */ = {
			isa = XCConfigurationList;
			buildConfigurations = (
				43DDEA741E1325E0003107B2 /* Debug */,
				43DDEA751E1325E0003107B2 /* Release */,
			);
			defaultConfigurationIsVisible = 0;
		};
/* End XCConfigurationList section */
	};
	rootObject = 43DDEA641E1325E0003107B2 /* Project object */;
}
